// !$*UTF8*$!
{
	archiveVersion = 1;
	classes = {
	};
	objectVersion = 50;
	objects = {

/* Begin PBXBuildFile section */
		B23973D52553F78400FEC257 /* AppDelegate.swift in Sources */ = {isa = PBXBuildFile; fileRef = B23973D42553F78400FEC257 /* AppDelegate.swift */; };
		B23973D72553F78400FEC257 /* SceneDelegate.swift in Sources */ = {isa = PBXBuildFile; fileRef = B23973D62553F78400FEC257 /* SceneDelegate.swift */; };
		B23973D92553F78400FEC257 /* ViewController.swift in Sources */ = {isa = PBXBuildFile; fileRef = B23973D82553F78400FEC257 /* ViewController.swift */; };
		B23973DC2553F78400FEC257 /* Main.storyboard in Resources */ = {isa = PBXBuildFile; fileRef = B23973DA2553F78400FEC257 /* Main.storyboard */; };
		B23973DE2553F78500FEC257 /* Assets.xcassets in Resources */ = {isa = PBXBuildFile; fileRef = B23973DD2553F78500FEC257 /* Assets.xcassets */; };
		B23973E12553F78500FEC257 /* LaunchScreen.storyboard in Resources */ = {isa = PBXBuildFile; fileRef = B23973DF2553F78500FEC257 /* LaunchScreen.storyboard */; };
		B23973EC2553F78500FEC257 /* Facetofacewithcorona_basicsTests.swift in Sources */ = {isa = PBXBuildFile; fileRef = B23973EB2553F78500FEC257 /* Facetofacewithcorona_basicsTests.swift */; };
		B23973F72553F78500FEC257 /* Facetofacewithcorona_basicsUITests.swift in Sources */ = {isa = PBXBuildFile; fileRef = B23973F62553F78500FEC257 /* Facetofacewithcorona_basicsUITests.swift */; };
/* End PBXBuildFile section */

/* Begin PBXContainerItemProxy section */
		B23973E82553F78500FEC257 /* PBXContainerItemProxy */ = {
			isa = PBXContainerItemProxy;
			containerPortal = B23973C92553F78400FEC257 /* Project object */;
			proxyType = 1;
			remoteGlobalIDString = B23973D02553F78400FEC257;
			remoteInfo = Facetofacewithcorona_basics;
		};
		B23973F32553F78500FEC257 /* PBXContainerItemProxy */ = {
			isa = PBXContainerItemProxy;
			containerPortal = B23973C92553F78400FEC257 /* Project object */;
			proxyType = 1;
			remoteGlobalIDString = B23973D02553F78400FEC257;
			remoteInfo = Facetofacewithcorona_basics;
		};
/* End PBXContainerItemProxy section */

/* Begin PBXFileReference section */
		B23973D12553F78400FEC257 /* Facetofacewithcorona_basics.app */ = {isa = PBXFileReference; explicitFileType = wrapper.application; includeInIndex = 0; path = Facetofacewithcorona_basics.app; sourceTree = BUILT_PRODUCTS_DIR; };
		B23973D42553F78400FEC257 /* AppDelegate.swift */ = {isa = PBXFileReference; lastKnownFileType = sourcecode.swift; path = AppDelegate.swift; sourceTree = "<group>"; };
		B23973D62553F78400FEC257 /* SceneDelegate.swift */ = {isa = PBXFileReference; lastKnownFileType = sourcecode.swift; path = SceneDelegate.swift; sourceTree = "<group>"; };
		B23973D82553F78400FEC257 /* ViewController.swift */ = {isa = PBXFileReference; lastKnownFileType = sourcecode.swift; path = ViewController.swift; sourceTree = "<group>"; };
		B23973DB2553F78400FEC257 /* Base */ = {isa = PBXFileReference; lastKnownFileType = file.storyboard; name = Base; path = Base.lproj/Main.storyboard; sourceTree = "<group>"; };
		B23973DD2553F78500FEC257 /* Assets.xcassets */ = {isa = PBXFileReference; lastKnownFileType = folder.assetcatalog; path = Assets.xcassets; sourceTree = "<group>"; };
		B23973E02553F78500FEC257 /* Base */ = {isa = PBXFileReference; lastKnownFileType = file.storyboard; name = Base; path = Base.lproj/LaunchScreen.storyboard; sourceTree = "<group>"; };
		B23973E22553F78500FEC257 /* Info.plist */ = {isa = PBXFileReference; lastKnownFileType = text.plist.xml; path = Info.plist; sourceTree = "<group>"; };
		B23973E72553F78500FEC257 /* Facetofacewithcorona_basicsTests.xctest */ = {isa = PBXFileReference; explicitFileType = wrapper.cfbundle; includeInIndex = 0; path = Facetofacewithcorona_basicsTests.xctest; sourceTree = BUILT_PRODUCTS_DIR; };
		B23973EB2553F78500FEC257 /* Facetofacewithcorona_basicsTests.swift */ = {isa = PBXFileReference; lastKnownFileType = sourcecode.swift; path = Facetofacewithcorona_basicsTests.swift; sourceTree = "<group>"; };
		B23973ED2553F78500FEC257 /* Info.plist */ = {isa = PBXFileReference; lastKnownFileType = text.plist.xml; path = Info.plist; sourceTree = "<group>"; };
		B23973F22553F78500FEC257 /* Facetofacewithcorona_basicsUITests.xctest */ = {isa = PBXFileReference; explicitFileType = wrapper.cfbundle; includeInIndex = 0; path = Facetofacewithcorona_basicsUITests.xctest; sourceTree = BUILT_PRODUCTS_DIR; };
		B23973F62553F78500FEC257 /* Facetofacewithcorona_basicsUITests.swift */ = {isa = PBXFileReference; lastKnownFileType = sourcecode.swift; path = Facetofacewithcorona_basicsUITests.swift; sourceTree = "<group>"; };
		B23973F82553F78500FEC257 /* Info.plist */ = {isa = PBXFileReference; lastKnownFileType = text.plist.xml; path = Info.plist; sourceTree = "<group>"; };
/* End PBXFileReference section */

/* Begin PBXFrameworksBuildPhase section */
		B23973CE2553F78400FEC257 /* Frameworks */ = {
			isa = PBXFrameworksBuildPhase;
			buildActionMask = 2147483647;
			files = (
			);
			runOnlyForDeploymentPostprocessing = 0;
		};
		B23973E42553F78500FEC257 /* Frameworks */ = {
			isa = PBXFrameworksBuildPhase;
			buildActionMask = 2147483647;
			files = (
			);
			runOnlyForDeploymentPostprocessing = 0;
		};
		B23973EF2553F78500FEC257 /* Frameworks */ = {
			isa = PBXFrameworksBuildPhase;
			buildActionMask = 2147483647;
			files = (
			);
			runOnlyForDeploymentPostprocessing = 0;
		};
/* End PBXFrameworksBuildPhase section */

/* Begin PBXGroup section */
		B23973C82553F78400FEC257 = {
			isa = PBXGroup;
			children = (
				B23973D32553F78400FEC257 /* Facetofacewithcorona_basics */,
				B23973EA2553F78500FEC257 /* Facetofacewithcorona_basicsTests */,
				B23973F52553F78500FEC257 /* Facetofacewithcorona_basicsUITests */,
				B23973D22553F78400FEC257 /* Products */,
			);
			sourceTree = "<group>";
		};
		B23973D22553F78400FEC257 /* Products */ = {
			isa = PBXGroup;
			children = (
				B23973D12553F78400FEC257 /* Facetofacewithcorona_basics.app */,
				B23973E72553F78500FEC257 /* Facetofacewithcorona_basicsTests.xctest */,
				B23973F22553F78500FEC257 /* Facetofacewithcorona_basicsUITests.xctest */,
			);
			name = Products;
			sourceTree = "<group>";
		};
		B23973D32553F78400FEC257 /* Facetofacewithcorona_basics */ = {
			isa = PBXGroup;
			children = (
				B23973D42553F78400FEC257 /* AppDelegate.swift */,
				B23973D62553F78400FEC257 /* SceneDelegate.swift */,
				B23973D82553F78400FEC257 /* ViewController.swift */,
				B23973DA2553F78400FEC257 /* Main.storyboard */,
				B23973DD2553F78500FEC257 /* Assets.xcassets */,
				B23973DF2553F78500FEC257 /* LaunchScreen.storyboard */,
				B23973E22553F78500FEC257 /* Info.plist */,
			);
			path = Facetofacewithcorona_basics;
			sourceTree = "<group>";
		};
		B23973EA2553F78500FEC257 /* Facetofacewithcorona_basicsTests */ = {
			isa = PBXGroup;
			children = (
				B23973EB2553F78500FEC257 /* Facetofacewithcorona_basicsTests.swift */,
				B23973ED2553F78500FEC257 /* Info.plist */,
			);
			path = Facetofacewithcorona_basicsTests;
			sourceTree = "<group>";
		};
		B23973F52553F78500FEC257 /* Facetofacewithcorona_basicsUITests */ = {
			isa = PBXGroup;
			children = (
				B23973F62553F78500FEC257 /* Facetofacewithcorona_basicsUITests.swift */,
				B23973F82553F78500FEC257 /* Info.plist */,
			);
			path = Facetofacewithcorona_basicsUITests;
			sourceTree = "<group>";
		};
/* End PBXGroup section */

/* Begin PBXNativeTarget section */
		B23973D02553F78400FEC257 /* Facetofacewithcorona_basics */ = {
			isa = PBXNativeTarget;
			buildConfigurationList = B23973FB2553F78500FEC257 /* Build configuration list for PBXNativeTarget "Facetofacewithcorona_basics" */;
			buildPhases = (
				B23973CD2553F78400FEC257 /* Sources */,
				B23973CE2553F78400FEC257 /* Frameworks */,
				B23973CF2553F78400FEC257 /* Resources */,
			);
			buildRules = (
			);
			dependencies = (
			);
			name = Facetofacewithcorona_basics;
			productName = Facetofacewithcorona_basics;
			productReference = B23973D12553F78400FEC257 /* Facetofacewithcorona_basics.app */;
			productType = "com.apple.product-type.application";
		};
		B23973E62553F78500FEC257 /* Facetofacewithcorona_basicsTests */ = {
			isa = PBXNativeTarget;
			buildConfigurationList = B23973FE2553F78500FEC257 /* Build configuration list for PBXNativeTarget "Facetofacewithcorona_basicsTests" */;
			buildPhases = (
				B23973E32553F78500FEC257 /* Sources */,
				B23973E42553F78500FEC257 /* Frameworks */,
				B23973E52553F78500FEC257 /* Resources */,
			);
			buildRules = (
			);
			dependencies = (
				B23973E92553F78500FEC257 /* PBXTargetDependency */,
			);
			name = Facetofacewithcorona_basicsTests;
			productName = Facetofacewithcorona_basicsTests;
			productReference = B23973E72553F78500FEC257 /* Facetofacewithcorona_basicsTests.xctest */;
			productType = "com.apple.product-type.bundle.unit-test";
		};
		B23973F12553F78500FEC257 /* Facetofacewithcorona_basicsUITests */ = {
			isa = PBXNativeTarget;
			buildConfigurationList = B23974012553F78500FEC257 /* Build configuration list for PBXNativeTarget "Facetofacewithcorona_basicsUITests" */;
			buildPhases = (
				B23973EE2553F78500FEC257 /* Sources */,
				B23973EF2553F78500FEC257 /* Frameworks */,
				B23973F02553F78500FEC257 /* Resources */,
			);
			buildRules = (
			);
			dependencies = (
				B23973F42553F78500FEC257 /* PBXTargetDependency */,
			);
			name = Facetofacewithcorona_basicsUITests;
			productName = Facetofacewithcorona_basicsUITests;
			productReference = B23973F22553F78500FEC257 /* Facetofacewithcorona_basicsUITests.xctest */;
			productType = "com.apple.product-type.bundle.ui-testing";
		};
/* End PBXNativeTarget section */

/* Begin PBXProject section */
		B23973C92553F78400FEC257 /* Project object */ = {
			isa = PBXProject;
			attributes = {
				LastSwiftUpdateCheck = 1210;
				LastUpgradeCheck = 1210;
				TargetAttributes = {
					B23973D02553F78400FEC257 = {
						CreatedOnToolsVersion = 12.1;
					};
					B23973E62553F78500FEC257 = {
						CreatedOnToolsVersion = 12.1;
						TestTargetID = B23973D02553F78400FEC257;
					};
					B23973F12553F78500FEC257 = {
						CreatedOnToolsVersion = 12.1;
						TestTargetID = B23973D02553F78400FEC257;
					};
				};
			};
			buildConfigurationList = B23973CC2553F78400FEC257 /* Build configuration list for PBXProject "Facetofacewithcorona_basics" */;
			compatibilityVersion = "Xcode 9.3";
			developmentRegion = en;
			hasScannedForEncodings = 0;
			knownRegions = (
				en,
				Base,
			);
			mainGroup = B23973C82553F78400FEC257;
			productRefGroup = B23973D22553F78400FEC257 /* Products */;
			projectDirPath = "";
			projectRoot = "";
			targets = (
				B23973D02553F78400FEC257 /* Facetofacewithcorona_basics */,
				B23973E62553F78500FEC257 /* Facetofacewithcorona_basicsTests */,
				B23973F12553F78500FEC257 /* Facetofacewithcorona_basicsUITests */,
			);
		};
/* End PBXProject section */

/* Begin PBXResourcesBuildPhase section */
		B23973CF2553F78400FEC257 /* Resources */ = {
			isa = PBXResourcesBuildPhase;
			buildActionMask = 2147483647;
			files = (
				B23973E12553F78500FEC257 /* LaunchScreen.storyboard in Resources */,
				B23973DE2553F78500FEC257 /* Assets.xcassets in Resources */,
				B23973DC2553F78400FEC257 /* Main.storyboard in Resources */,
			);
			runOnlyForDeploymentPostprocessing = 0;
		};
		B23973E52553F78500FEC257 /* Resources */ = {
			isa = PBXResourcesBuildPhase;
			buildActionMask = 2147483647;
			files = (
			);
			runOnlyForDeploymentPostprocessing = 0;
		};
		B23973F02553F78500FEC257 /* Resources */ = {
			isa = PBXResourcesBuildPhase;
			buildActionMask = 2147483647;
			files = (
			);
			runOnlyForDeploymentPostprocessing = 0;
		};
/* End PBXResourcesBuildPhase section */

/* Begin PBXSourcesBuildPhase section */
		B23973CD2553F78400FEC257 /* Sources */ = {
			isa = PBXSourcesBuildPhase;
			buildActionMask = 2147483647;
			files = (
				B23973D92553F78400FEC257 /* ViewController.swift in Sources */,
				B23973D52553F78400FEC257 /* AppDelegate.swift in Sources */,
				B23973D72553F78400FEC257 /* SceneDelegate.swift in Sources */,
			);
			runOnlyForDeploymentPostprocessing = 0;
		};
		B23973E32553F78500FEC257 /* Sources */ = {
			isa = PBXSourcesBuildPhase;
			buildActionMask = 2147483647;
			files = (
				B23973EC2553F78500FEC257 /* Facetofacewithcorona_basicsTests.swift in Sources */,
			);
			runOnlyForDeploymentPostprocessing = 0;
		};
		B23973EE2553F78500FEC257 /* Sources */ = {
			isa = PBXSourcesBuildPhase;
			buildActionMask = 2147483647;
			files = (
				B23973F72553F78500FEC257 /* Facetofacewithcorona_basicsUITests.swift in Sources */,
			);
			runOnlyForDeploymentPostprocessing = 0;
		};
/* End PBXSourcesBuildPhase section */

/* Begin PBXTargetDependency section */
		B23973E92553F78500FEC257 /* PBXTargetDependency */ = {
			isa = PBXTargetDependency;
			target = B23973D02553F78400FEC257 /* Facetofacewithcorona_basics */;
			targetProxy = B23973E82553F78500FEC257 /* PBXContainerItemProxy */;
		};
		B23973F42553F78500FEC257 /* PBXTargetDependency */ = {
			isa = PBXTargetDependency;
			target = B23973D02553F78400FEC257 /* Facetofacewithcorona_basics */;
			targetProxy = B23973F32553F78500FEC257 /* PBXContainerItemProxy */;
		};
/* End PBXTargetDependency section */

/* Begin PBXVariantGroup section */
		B23973DA2553F78400FEC257 /* Main.storyboard */ = {
			isa = PBXVariantGroup;
			children = (
				B23973DB2553F78400FEC257 /* Base */,
			);
			name = Main.storyboard;
			sourceTree = "<group>";
		};
		B23973DF2553F78500FEC257 /* LaunchScreen.storyboard */ = {
			isa = PBXVariantGroup;
			children = (
				B23973E02553F78500FEC257 /* Base */,
			);
			name = LaunchScreen.storyboard;
			sourceTree = "<group>";
		};
/* End PBXVariantGroup section */

/* Begin XCBuildConfiguration section */
		B23973F92553F78500FEC257 /* Debug */ = {
			isa = XCBuildConfiguration;
			buildSettings = {
				ALWAYS_SEARCH_USER_PATHS = NO;
				CLANG_ANALYZER_NONNULL = YES;
				CLANG_ANALYZER_NUMBER_OBJECT_CONVERSION = YES_AGGRESSIVE;
				CLANG_CXX_LANGUAGE_STANDARD = "gnu++14";
				CLANG_CXX_LIBRARY = "libc++";
				CLANG_ENABLE_MODULES = YES;
				CLANG_ENABLE_OBJC_ARC = YES;
				CLANG_ENABLE_OBJC_WEAK = YES;
				CLANG_WARN_BLOCK_CAPTURE_AUTORELEASING = YES;
				CLANG_WARN_BOOL_CONVERSION = YES;
				CLANG_WARN_COMMA = YES;
				CLANG_WARN_CONSTANT_CONVERSION = YES;
				CLANG_WARN_DEPRECATED_OBJC_IMPLEMENTATIONS = YES;
				CLANG_WARN_DIRECT_OBJC_ISA_USAGE = YES_ERROR;
				CLANG_WARN_DOCUMENTATION_COMMENTS = YES;
				CLANG_WARN_EMPTY_BODY = YES;
				CLANG_WARN_ENUM_CONVERSION = YES;
				CLANG_WARN_INFINITE_RECURSION = YES;
				CLANG_WARN_INT_CONVERSION = YES;
				CLANG_WARN_NON_LITERAL_NULL_CONVERSION = YES;
				CLANG_WARN_OBJC_IMPLICIT_RETAIN_SELF = YES;
				CLANG_WARN_OBJC_LITERAL_CONVERSION = YES;
				CLANG_WARN_OBJC_ROOT_CLASS = YES_ERROR;
				CLANG_WARN_QUOTED_INCLUDE_IN_FRAMEWORK_HEADER = YES;
				CLANG_WARN_RANGE_LOOP_ANALYSIS = YES;
				CLANG_WARN_STRICT_PROTOTYPES = YES;
				CLANG_WARN_SUSPICIOUS_MOVE = YES;
				CLANG_WARN_UNGUARDED_AVAILABILITY = YES_AGGRESSIVE;
				CLANG_WARN_UNREACHABLE_CODE = YES;
				CLANG_WARN__DUPLICATE_METHOD_MATCH = YES;
				COPY_PHASE_STRIP = NO;
				DEBUG_INFORMATION_FORMAT = dwarf;
				ENABLE_STRICT_OBJC_MSGSEND = YES;
				ENABLE_TESTABILITY = YES;
				GCC_C_LANGUAGE_STANDARD = gnu11;
				GCC_DYNAMIC_NO_PIC = NO;
				GCC_NO_COMMON_BLOCKS = YES;
				GCC_OPTIMIZATION_LEVEL = 0;
				GCC_PREPROCESSOR_DEFINITIONS = (
					"DEBUG=1",
					"$(inherited)",
				);
				GCC_WARN_64_TO_32_BIT_CONVERSION = YES;
				GCC_WARN_ABOUT_RETURN_TYPE = YES_ERROR;
				GCC_WARN_UNDECLARED_SELECTOR = YES;
				GCC_WARN_UNINITIALIZED_AUTOS = YES_AGGRESSIVE;
				GCC_WARN_UNUSED_FUNCTION = YES;
				GCC_WARN_UNUSED_VARIABLE = YES;
				IPHONEOS_DEPLOYMENT_TARGET = 14.1;
				MTL_ENABLE_DEBUG_INFO = INCLUDE_SOURCE;
				MTL_FAST_MATH = YES;
				ONLY_ACTIVE_ARCH = YES;
				SDKROOT = iphoneos;
				SWIFT_ACTIVE_COMPILATION_CONDITIONS = DEBUG;
				SWIFT_OPTIMIZATION_LEVEL = "-Onone";
			};
			name = Debug;
		};
		B23973FA2553F78500FEC257 /* Release */ = {
			isa = XCBuildConfiguration;
			buildSettings = {
				ALWAYS_SEARCH_USER_PATHS = NO;
				CLANG_ANALYZER_NONNULL = YES;
				CLANG_ANALYZER_NUMBER_OBJECT_CONVERSION = YES_AGGRESSIVE;
				CLANG_CXX_LANGUAGE_STANDARD = "gnu++14";
				CLANG_CXX_LIBRARY = "libc++";
				CLANG_ENABLE_MODULES = YES;
				CLANG_ENABLE_OBJC_ARC = YES;
				CLANG_ENABLE_OBJC_WEAK = YES;
				CLANG_WARN_BLOCK_CAPTURE_AUTORELEASING = YES;
				CLANG_WARN_BOOL_CONVERSION = YES;
				CLANG_WARN_COMMA = YES;
				CLANG_WARN_CONSTANT_CONVERSION = YES;
				CLANG_WARN_DEPRECATED_OBJC_IMPLEMENTATIONS = YES;
				CLANG_WARN_DIRECT_OBJC_ISA_USAGE = YES_ERROR;
				CLANG_WARN_DOCUMENTATION_COMMENTS = YES;
				CLANG_WARN_EMPTY_BODY = YES;
				CLANG_WARN_ENUM_CONVERSION = YES;
				CLANG_WARN_INFINITE_RECURSION = YES;
				CLANG_WARN_INT_CONVERSION = YES;
				CLANG_WARN_NON_LITERAL_NULL_CONVERSION = YES;
				CLANG_WARN_OBJC_IMPLICIT_RETAIN_SELF = YES;
				CLANG_WARN_OBJC_LITERAL_CONVERSION = YES;
				CLANG_WARN_OBJC_ROOT_CLASS = YES_ERROR;
				CLANG_WARN_QUOTED_INCLUDE_IN_FRAMEWORK_HEADER = YES;
				CLANG_WARN_RANGE_LOOP_ANALYSIS = YES;
				CLANG_WARN_STRICT_PROTOTYPES = YES;
				CLANG_WARN_SUSPICIOUS_MOVE = YES;
				CLANG_WARN_UNGUARDED_AVAILABILITY = YES_AGGRESSIVE;
				CLANG_WARN_UNREACHABLE_CODE = YES;
				CLANG_WARN__DUPLICATE_METHOD_MATCH = YES;
				COPY_PHASE_STRIP = NO;
				DEBUG_INFORMATION_FORMAT = "dwarf-with-dsym";
				ENABLE_NS_ASSERTIONS = NO;
				ENABLE_STRICT_OBJC_MSGSEND = YES;
				GCC_C_LANGUAGE_STANDARD = gnu11;
				GCC_NO_COMMON_BLOCKS = YES;
				GCC_WARN_64_TO_32_BIT_CONVERSION = YES;
				GCC_WARN_ABOUT_RETURN_TYPE = YES_ERROR;
				GCC_WARN_UNDECLARED_SELECTOR = YES;
				GCC_WARN_UNINITIALIZED_AUTOS = YES_AGGRESSIVE;
				GCC_WARN_UNUSED_FUNCTION = YES;
				GCC_WARN_UNUSED_VARIABLE = YES;
				IPHONEOS_DEPLOYMENT_TARGET = 14.1;
				MTL_ENABLE_DEBUG_INFO = NO;
				MTL_FAST_MATH = YES;
				SDKROOT = iphoneos;
				SWIFT_COMPILATION_MODE = wholemodule;
				SWIFT_OPTIMIZATION_LEVEL = "-O";
				VALIDATE_PRODUCT = YES;
			};
			name = Release;
		};
		B23973FC2553F78500FEC257 /* Debug */ = {
			isa = XCBuildConfiguration;
			buildSettings = {
				ASSETCATALOG_COMPILER_APPICON_NAME = AppIcon;
				ASSETCATALOG_COMPILER_GLOBAL_ACCENT_COLOR_NAME = AccentColor;
				CODE_SIGN_STYLE = Automatic;
				DEVELOPMENT_TEAM = P52NAAQSQR;
				INFOPLIST_FILE = Facetofacewithcorona_basics/Info.plist;
				LD_RUNPATH_SEARCH_PATHS = (
					"$(inherited)",
					"@executable_path/Frameworks",
				);
				PRODUCT_BUNDLE_IDENTIFIER = "TamaranLina.Facetofacewithcorona-basics";
				PRODUCT_NAME = "$(TARGET_NAME)";
				SWIFT_VERSION = 5.0;
				TARGETED_DEVICE_FAMILY = "1,2";
			};
			name = Debug;
		};
		B23973FD2553F78500FEC257 /* Release */ = {
			isa = XCBuildConfiguration;
			buildSettings = {
				ASSETCATALOG_COMPILER_APPICON_NAME = AppIcon;
				ASSETCATALOG_COMPILER_GLOBAL_ACCENT_COLOR_NAME = AccentColor;
				CODE_SIGN_STYLE = Automatic;
				DEVELOPMENT_TEAM = P52NAAQSQR;
				INFOPLIST_FILE = Facetofacewithcorona_basics/Info.plist;
				LD_RUNPATH_SEARCH_PATHS = (
					"$(inherited)",
					"@executable_path/Frameworks",
				);
				PRODUCT_BUNDLE_IDENTIFIER = "TamaranLina.Facetofacewithcorona-basics";
				PRODUCT_NAME = "$(TARGET_NAME)";
				SWIFT_VERSION = 5.0;
				TARGETED_DEVICE_FAMILY = "1,2";
			};
			name = Release;
		};
		B23973FF2553F78500FEC257 /* Debug */ = {
			isa = XCBuildConfiguration;
			buildSettings = {
				ALWAYS_EMBED_SWIFT_STANDARD_LIBRARIES = YES;
				BUNDLE_LOADER = "$(TEST_HOST)";
				CODE_SIGN_STYLE = Automatic;
				DEVELOPMENT_TEAM = P52NAAQSQR;
				INFOPLIST_FILE = Facetofacewithcorona_basicsTests/Info.plist;
				IPHONEOS_DEPLOYMENT_TARGET = 14.1;
				LD_RUNPATH_SEARCH_PATHS = (
					"$(inherited)",
					"@executable_path/Frameworks",
					"@loader_path/Frameworks",
				);
				PRODUCT_BUNDLE_IDENTIFIER = "TamaranLina.Facetofacewithcorona-basicsTests";
				PRODUCT_NAME = "$(TARGET_NAME)";
				SWIFT_VERSION = 5.0;
				TARGETED_DEVICE_FAMILY = "1,2";
				TEST_HOST = "$(BUILT_PRODUCTS_DIR)/Facetofacewithcorona_basics.app/Facetofacewithcorona_basics";
			};
			name = Debug;
		};
		B23974002553F78500FEC257 /* Release */ = {
			isa = XCBuildConfiguration;
			buildSettings = {
				ALWAYS_EMBED_SWIFT_STANDARD_LIBRARIES = YES;
				BUNDLE_LOADER = "$(TEST_HOST)";
				CODE_SIGN_STYLE = Automatic;
				DEVELOPMENT_TEAM = P52NAAQSQR;
				INFOPLIST_FILE = Facetofacewithcorona_basicsTests/Info.plist;
				IPHONEOS_DEPLOYMENT_TARGET = 14.1;
				LD_RUNPATH_SEARCH_PATHS = (
					"$(inherited)",
					"@executable_path/Frameworks",
					"@loader_path/Frameworks",
				);
				PRODUCT_BUNDLE_IDENTIFIER = "TamaranLina.Facetofacewithcorona-basicsTests";
				PRODUCT_NAME = "$(TARGET_NAME)";
				SWIFT_VERSION = 5.0;
				TARGETED_DEVICE_FAMILY = "1,2";
				TEST_HOST = "$(BUILT_PRODUCTS_DIR)/Facetofacewithcorona_basics.app/Facetofacewithcorona_basics";
			};
			name = Release;
		};
		B23974022553F78500FEC257 /* Debug */ = {
			isa = XCBuildConfiguration;
			buildSettings = {
				ALWAYS_EMBED_SWIFT_STANDARD_LIBRARIES = YES;
				CODE_SIGN_STYLE = Automatic;
				DEVELOPMENT_TEAM = P52NAAQSQR;
				INFOPLIST_FILE = Facetofacewithcorona_basicsUITests/Info.plist;
				LD_RUNPATH_SEARCH_PATHS = (
					"$(inherited)",
					"@executable_path/Frameworks",
					"@loader_path/Frameworks",
				);
				PRODUCT_BUNDLE_IDENTIFIER = "TamaranLina.Facetofacewithcorona-basicsUITests";
				PRODUCT_NAME = "$(TARGET_NAME)";
				SWIFT_VERSION = 5.0;
				TARGETED_DEVICE_FAMILY = "1,2";
				TEST_TARGET_NAME = Facetofacewithcorona_basics;
			};
			name = Debug;
		};
		B23974032553F78500FEC257 /* Release */ = {
			isa = XCBuildConfiguration;
			buildSettings = {
				ALWAYS_EMBED_SWIFT_STANDARD_LIBRARIES = YES;
				CODE_SIGN_STYLE = Automatic;
				DEVELOPMENT_TEAM = P52NAAQSQR;
				INFOPLIST_FILE = Facetofacewithcorona_basicsUITests/Info.plist;
				LD_RUNPATH_SEARCH_PATHS = (
					"$(inherited)",
					"@executable_path/Frameworks",
					"@loader_path/Frameworks",
				);
				PRODUCT_BUNDLE_IDENTIFIER = "TamaranLina.Facetofacewithcorona-basicsUITests";
				PRODUCT_NAME = "$(TARGET_NAME)";
				SWIFT_VERSION = 5.0;
				TARGETED_DEVICE_FAMILY = "1,2";
				TEST_TARGET_NAME = Facetofacewithcorona_basics;
			};
			name = Release;
		};
/* End XCBuildConfiguration section */

/* Begin XCConfigurationList section */
		B23973CC2553F78400FEC257 /* Build configuration list for PBXProject "Facetofacewithcorona_basics" */ = {
			isa = XCConfigurationList;
			buildConfigurations = (
				B23973F92553F78500FEC257 /* Debug */,
				B23973FA2553F78500FEC257 /* Release */,
			);
			defaultConfigurationIsVisible = 0;
			defaultConfigurationName = Release;
		};
		B23973FB2553F78500FEC257 /* Build configuration list for PBXNativeTarget "Facetofacewithcorona_basics" */ = {
			isa = XCConfigurationList;
			buildConfigurations = (
				B23973FC2553F78500FEC257 /* Debug */,
				B23973FD2553F78500FEC257 /* Release */,
			);
			defaultConfigurationIsVisible = 0;
			defaultConfigurationName = Release;
		};
		B23973FE2553F78500FEC257 /* Build configuration list for PBXNativeTarget "Facetofacewithcorona_basicsTests" */ = {
			isa = XCConfigurationList;
			buildConfigurations = (
				B23973FF2553F78500FEC257 /* Debug */,
				B23974002553F78500FEC257 /* Release */,
			);
			defaultConfigurationIsVisible = 0;
			defaultConfigurationName = Release;
		};
		B23974012553F78500FEC257 /* Build configuration list for PBXNativeTarget "Facetofacewithcorona_basicsUITests" */ = {
			isa = XCConfigurationList;
			buildConfigurations = (
				B23974022553F78500FEC257 /* Debug */,
				B23974032553F78500FEC257 /* Release */,
			);
			defaultConfigurationIsVisible = 0;
			defaultConfigurationName = Release;
		};
/* End XCConfigurationList section */
	};
	rootObject = B23973C92553F78400FEC257 /* Project object */;
}
